
Microsoft Visual Studio Solution File, Format Version 12.00
# Visual Studio Version 17
VisualStudioVersion = 17.7.33920.267
MinimumVisualStudioVersion = 10.0.40219.1
Project("{8BC9CEB8-8B4A-11D0-8D11-00A0C91BC942}") = "ClrCore", "ClrCore.vcxproj", "{3DB12B13-86E8-4A45-8050-73BF26868FD0}"
EndProject
Project("{FAE04EC0-301F-11D3-BF4B-00C04F79EFBC}") = "TestConsole", "..\TestConsole\TestConsole.csproj", "{2B92E179-3534-4CF6-98FA-1B694A7677C4}"
EndProject
Global
	GlobalSection(SolutionConfigurationPlatforms) = preSolution
		Debug|Any CPU = Debug|Any CPU
		Debug|x64 = Debug|x64
		Debug|x86 = Debug|x86
		Release|Any CPU = Release|Any CPU
		Release|x64 = Release|x64
		Release|x86 = Release|x86
	EndGlobalSection
	GlobalSection(ProjectConfigurationPlatforms) = postSolution
		{3DB12B13-86E8-4A45-8050-73BF26868FD0}.Debug|Any CPU.ActiveCfg = Debug|x64
		{3DB12B13-86E8-4A45-8050-73BF26868FD0}.Debug|Any CPU.Build.0 = Debug|x64
		{3DB12B13-86E8-4A45-8050-73BF26868FD0}.Debug|x64.ActiveCfg = Debug|x64
		{3DB12B13-86E8-4A45-8050-73BF26868FD0}.Debug|x64.Build.0 = Debug|x64
		{3DB12B13-86E8-4A45-8050-73BF26868FD0}.Debug|x86.ActiveCfg = Debug|Win32
		{3DB12B13-86E8-4A45-8050-73BF26868FD0}.Debug|x86.Build.0 = Debug|Win32
		{3DB12B13-86E8-4A45-8050-73BF26868FD0}.Release|Any CPU.ActiveCfg = Release|x64
		{3DB12B13-86E8-4A45-8050-73BF26868FD0}.Release|Any CPU.Build.0 = Release|x64
		{3DB12B13-86E8-4A45-8050-73BF26868FD0}.Release|x64.ActiveCfg = Release|x64
		{3DB12B13-86E8-4A45-8050-73BF26868FD0}.Release|x64.Build.0 = Release|x64
		{3DB12B13-86E8-4A45-8050-73BF26868FD0}.Release|x86.ActiveCfg = Release|Win32
		{3DB12B13-86E8-4A45-8050-73BF26868FD0}.Release|x86.Build.0 = Release|Win32
		{2B92E179-3534-4CF6-98FA-1B694A7677C4}.Debug|Any CPU.ActiveCfg = Debug|Any CPU
		{2B92E179-3534-4CF6-98FA-1B694A7677C4}.Debug|Any CPU.Build.0 = Debug|Any CPU
		{2B92E179-3534-4CF6-98FA-1B694A7677C4}.Debug|x64.ActiveCfg = Debug|Any CPU
		{2B92E179-3534-4CF6-98FA-1B694A7677C4}.Debug|x64.Build.0 = Debug|Any CPU
		{2B92E179-3534-4CF6-98FA-1B694A7677C4}.Debug|x86.ActiveCfg = Debug|Any CPU
		{2B92E179-3534-4CF6-98FA-1B694A7677C4}.Debug|x86.Build.0 = Debug|Any CPU
		{2B92E179-3534-4CF6-98FA-1B694A7677C4}.Release|Any CPU.ActiveCfg = Release|Any CPU
		{2B92E179-3534-4CF6-98FA-1B694A7677C4}.Release|Any CPU.Build.0 = Release|Any CPU
		{2B92E179-3534-4CF6-98FA-1B694A7677C4}.Release|x64.ActiveCfg = Release|Any CPU
		{2B92E179-3534-4CF6-98FA-1B694A7677C4}.Release|x64.Build.0 = Release|Any CPU
		{2B92E179-3534-4CF6-98FA-1B694A7677C4}.Release|x86.ActiveCfg = Release|Any CPU
		{2B92E179-3534-4CF6-98FA-1B694A7677C4}.Release|x86.Build.0 = Release|Any CPU
	EndGlobalSection
	GlobalSection(SolutionProperties) = preSolution
		HideSolutionNode = FALSE
	EndGlobalSection
	GlobalSection(ExtensibilityGlobals) = postSolution
		SolutionGuid = {01691882-E215-4AD5-90AD-271D89259771}
	EndGlobalSection
EndGlobal
